{
  "nodes": {
    "fenix": {
      "inputs": {
        "nixpkgs": [
          "nixpkgs"
        ],
        "rust-analyzer-src": "rust-analyzer-src"
      },
      "locked": {
        "lastModified": 1674240251,
        "narHash": "sha256-AVMmf/CtcGensTZmMicToDpOwySEGNKYgRPC7lu3m8w=",
        "owner": "nix-community",
        "repo": "fenix",
        "rev": "d8067f4d1d3d30732703209bec5ca7d62aaececc",
        "type": "github"
      },
      "original": {
        "owner": "nix-community",
        "repo": "fenix",
        "type": "github"
      }
    },
    "flake-utils": {
      "locked": {
        "lastModified": 1667395993,
        "narHash": "sha256-nuEHfE/LcWyuSWnS8t12N1wc105Qtau+/OdUAjtQ0rA=",
        "owner": "numtide",
        "repo": "flake-utils",
        "rev": "5aed5285a952e0b949eb3ba02c12fa4fcfef535f",
        "type": "github"
      },
      "original": {
        "owner": "numtide",
        "repo": "flake-utils",
        "type": "github"
      }
    },
    "naersk": {
      "inputs": {
        "nixpkgs": [
          "nixpkgs"
        ]
      },
      "locked": {
        "lastModified": 1679567394,
        "narHash": "sha256-ZvLuzPeARDLiQUt6zSZFGOs+HZmE+3g4QURc8mkBsfM=",
        "owner": "nix-community",
        "repo": "naersk",
        "rev": "88cd22380154a2c36799fe8098888f0f59861a15",
        "type": "github"
      },
      "original": {
        "owner": "nix-community",
        "repo": "naersk",
        "type": "github"
      }
    },
    "nixpkgs": {
      "locked": {
        "lastModified": 1672968032,
        "narHash": "sha256-26Jns3GmHem44a06UN5Rj/KOD9qNJThyQrom02Ijur8=",
        "owner": "NixOS",
        "repo": "nixpkgs",
        "rev": "2dea8991d89b9f1e78d874945f78ca15f6954289",
        "type": "github"
      },
      "original": {
        "id": "nixpkgs",
        "type": "indirect"
      }
    },
    "nixpkgs-unstable": {
      "locked": {
        "lastModified": 1676496762,
        "narHash": "sha256-GFAxjaTgh8KJ8q7BYaI4EVGI5K98ooW70fG/83rSb08=",
        "owner": "NixOS",
        "repo": "nixpkgs",
        "rev": "1bddde315297c092712b0ef03d9def7a474b28ae",
        "type": "github"
      },
      "original": {
        "owner": "NixOS",
        "repo": "nixpkgs",
        "type": "github"
      }
    },
    "root": {
      "inputs": {
        "fenix": "fenix",
        "flake-utils": "flake-utils",
        "naersk": "naersk",
        "nixpkgs": "nixpkgs",
        "nixpkgs-unstable": "nixpkgs-unstable"
      }
    },
    "rust-analyzer-src": {
      "flake": false,
      "locked": {
        "lastModified": 1674162026,
        "narHash": "sha256-iY0bxoVE7zAZmp0BB/m5hZW5pWHUfgntDvc1m2zyt/U=",
        "owner": "rust-lang",
        "repo": "rust-analyzer",
        "rev": "6e52c64031825920983515b9e975e93232739f7f",
        "type": "github"
      },
      "original": {
        "owner": "rust-lang",
        "ref": "nightly",
        "repo": "rust-analyzer",
        "type": "github"
      }
    }
  },
  "root": "root",
  "version": 7
}
